
Microsoft Visual Studio Solution File, Format Version 12.00
# Visual Studio Version 16
VisualStudioVersion = 16.0.29209.62
MinimumVisualStudioVersion = 10.0.40219.1
Project("{FAE04EC0-301F-11D3-BF4B-00C04F79EFBC}") = "OpenShiftCoreApp", "OpenShiftCoreApp.csproj", "{3D20578D-B3A3-41BD-B6C2-530D9617DBDF}"
EndProject
Global
	GlobalSection(SolutionConfigurationPlatforms) = preSolution
		Debug|Any CPU = Debug|Any CPU
		Release|Any CPU = Release|Any CPU
	EndGlobalSection
	GlobalSection(ProjectConfigurationPlatforms) = postSolution
		{3D20578D-B3A3-41BD-B6C2-530D9617DBDF}.Debug|Any CPU.ActiveCfg = Debug|Any CPU
		{3D20578D-B3A3-41BD-B6C2-530D9617DBDF}.Debug|Any CPU.Build.0 = Debug|Any CPU
		{3D20578D-B3A3-41BD-B6C2-530D9617DBDF}.Release|Any CPU.ActiveCfg = Release|Any CPU
		{3D20578D-B3A3-41BD-B6C2-530D9617DBDF}.Release|Any CPU.Build.0 = Release|Any CPU
	EndGlobalSection
	GlobalSection(SolutionProperties) = preSolution
		HideSolutionNode = FALSE
	EndGlobalSection
	GlobalSection(ExtensibilityGlobals) = postSolution
		SolutionGuid = {0FDE8D4D-B21D-442C-B67A-B84582157324}
	EndGlobalSection
EndGlobal
